
Microsoft Visual Studio Solution File, Format Version 12.00
# Visual Studio Version 17
VisualStudioVersion = 17.5.33414.496
MinimumVisualStudioVersion = 10.0.40219.1
Project("{888888A0-9F3D-457C-B088-3A5042F75D52}") = "ALX Portfollio Project 2023", "ALX Portfollio Project 2023.pyproj", "{1AAD85D4-13A3-4EFB-811F-90A5CD2864E8}"
EndProject
Global
	GlobalSection(SolutionConfigurationPlatforms) = preSolution
		Debug|Any CPU = Debug|Any CPU
		Release|Any CPU = Release|Any CPU
	EndGlobalSection
	GlobalSection(ProjectConfigurationPlatforms) = postSolution
		{1AAD85D4-13A3-4EFB-811F-90A5CD2864E8}.Debug|Any CPU.ActiveCfg = Debug|Any CPU
		{1AAD85D4-13A3-4EFB-811F-90A5CD2864E8}.Debug|Any CPU.Build.0 = Debug|Any CPU
		{1AAD85D4-13A3-4EFB-811F-90A5CD2864E8}.Release|Any CPU.ActiveCfg = Release|Any CPU
		{1AAD85D4-13A3-4EFB-811F-90A5CD2864E8}.Release|Any CPU.Build.0 = Release|Any CPU
	EndGlobalSection
	GlobalSection(SolutionProperties) = preSolution
		HideSolutionNode = FALSE
	EndGlobalSection
	GlobalSection(ExtensibilityGlobals) = postSolution
		SolutionGuid = {2FD40D03-C58E-464D-B7AD-D808EBFC73EA}
	EndGlobalSection
EndGlobal
